Microsoft Visual Studio Solution File, Format Version 12.00
# Visual Studio Version 17
Project("{FAE04EC0-301F-11D3-BF4B-00C04F79EFBC}") = "Taskmaster", "Taskmaster.csproj", "{A1B2C3D4-1111-2222-3333-444455556666}"
EndProject
Project("{FAE04EC0-301F-11D3-BF4B-00C04F79EFBC}") = "Taskmaster.Tests", "Taskmaster.Tests\Taskmaster.Tests.csproj", "{B7C8D9E0-7777-8888-9999-AAAABBBBCCCC}"
EndProject
Global
	GlobalSection(SolutionConfigurationPlatforms) = preSolution
		Debug|x64 = Debug|x64
		Release|x64 = Release|x64
	EndGlobalSection
	GlobalSection(ProjectConfigurationPlatforms) = postSolution
		{A1B2C3D4-1111-2222-3333-444455556666}.Debug|x64.ActiveCfg = Debug|x64
		{A1B2C3D4-1111-2222-3333-444455556666}.Debug|x64.Build.0 = Debug|x64
		{A1B2C3D4-1111-2222-3333-444455556666}.Release|x64.ActiveCfg = Release|x64
		{A1B2C3D4-1111-2222-3333-444455556666}.Release|x64.Build.0 = Release|x64
		{B7C8D9E0-7777-8888-9999-AAAABBBBCCCC}.Debug|x64.ActiveCfg = Debug|x64
		{B7C8D9E0-7777-8888-9999-AAAABBBBCCCC}.Debug|x64.Build.0 = Debug|x64
		{B7C8D9E0-7777-8888-9999-AAAABBBBCCCC}.Release|x64.ActiveCfg = Release|x64
		{B7C8D9E0-7777-8888-9999-AAAABBBBCCCC}.Release|x64.Build.0 = Release|x64
	EndGlobalSection
EndGlobal
